
Microsoft Visual Studio Solution File, Format Version 12.00
# Visual Studio Version 16
VisualStudioVersion = 16.0.29920.165
MinimumVisualStudioVersion = 10.0.40219.1
Project("{FAE04EC0-301F-11D3-BF4B-00C04F79EFBC}") = "NumberGuesser", "NumberGuesser\NumberGuesser.csproj", "{FA68882A-197B-47B9-8F73-BFA0D85DADC7}"
EndProject
Global
	GlobalSection(SolutionConfigurationPlatforms) = preSolution
		Debug|Any CPU = Debug|Any CPU
		Release|Any CPU = Release|Any CPU
	EndGlobalSection
	GlobalSection(ProjectConfigurationPlatforms) = postSolution
		{FA68882A-197B-47B9-8F73-BFA0D85DADC7}.Debug|Any CPU.ActiveCfg = Debug|Any CPU
		{FA68882A-197B-47B9-8F73-BFA0D85DADC7}.Debug|Any CPU.Build.0 = Debug|Any CPU
		{FA68882A-197B-47B9-8F73-BFA0D85DADC7}.Release|Any CPU.ActiveCfg = Release|Any CPU
		{FA68882A-197B-47B9-8F73-BFA0D85DADC7}.Release|Any CPU.Build.0 = Release|Any CPU
	EndGlobalSection
	GlobalSection(SolutionProperties) = preSolution
		HideSolutionNode = FALSE
	EndGlobalSection
	GlobalSection(ExtensibilityGlobals) = postSolution
		SolutionGuid = {4484548A-2CE8-4895-BD78-25FBBF009C0F}
	EndGlobalSection
EndGlobal
